# THIS IS AN AUTOGENERATED FILE. DO NOT EDIT THIS FILE DIRECTLY.
# yarn lockfile v1


"@babel/runtime@^7.12.0":
  version "7.20.1"
  resolved "https://registry.npmmirror.com/@babel/runtime/-/runtime-7.20.1.tgz#1148bb33ab252b165a06698fde7576092a78b4a9"
  integrity sha512-mrzLkl6U9YLF8qpqI7TB82PESyEGjm/0Ly91jG575eVxMMlb8fYfOXFZIJ8XfLrJZQbm7dlKry2bJmXBUEkdFg==
  dependencies:
    regenerator-runtime "^0.13.10"

"@transloadit/prettier-bytes@0.0.7":
  version "0.0.7"
  resolved "https://registry.npmmirror.com/@transloadit/prettier-bytes/-/prettier-bytes-0.0.7.tgz#cdb5399f445fdd606ed833872fa0cabdbc51686b"
  integrity sha512-VeJbUb0wEKbcwaSlj5n+LscBl9IPgLPkHVGBkh00cztv6X4L/TJXK58LzFuBKX7/GAfiGhIwH67YTLTlzvIzBA==

"@types/event-emitter@^0.3.3":
  version "0.3.3"
  resolved "https://registry.npmmirror.com/@types/event-emitter/-/event-emitter-0.3.3.tgz#727032a9fc67565f96bbd78b2e2809275c97d7e7"
  integrity sha512-UfnOK1pIxO7P+EgPRZXD9jMpimd8QEFcEZ5R67R1UhGbv4zghU5+NE7U8M8G9H5Jc8FI51rqDWQs6FtUfq2e/Q==

"@uppy/companion-client@^2.2.2":
  version "2.2.2"
  resolved "https://registry.npmmirror.com/@uppy/companion-client/-/companion-client-2.2.2.tgz#c70b42fdcca728ef88b3eebf7ee3e2fa04b4923b"
  integrity sha512-5mTp2iq97/mYSisMaBtFRry6PTgZA6SIL7LePteOV5x0/DxKfrZW3DEiQERJmYpHzy7k8johpm2gHnEKto56Og==
  dependencies:
    "@uppy/utils" "^4.1.2"
    namespace-emitter "^2.0.1"

"@uppy/core@^2.1.1":
  version "2.3.4"
  resolved "https://registry.npmmirror.com/@uppy/core/-/core-2.3.4.tgz#260b85b6bf3aa03cdc67da231f8c69cfbfdcc84a"
  integrity sha512-iWAqppC8FD8mMVqewavCz+TNaet6HPXitmGXpGGREGrakZ4FeuWytVdrelydzTdXx6vVKkOmI2FLztGg73sENQ==
  dependencies:
    "@transloadit/prettier-bytes" "0.0.7"
    "@uppy/store-default" "^2.1.1"
    "@uppy/utils" "^4.1.3"
    lodash.throttle "^4.1.1"
    mime-match "^1.0.2"
    namespace-emitter "^2.0.1"
    nanoid "^3.1.25"
    preact "^10.5.13"

"@uppy/store-default@^2.1.1":
  version "2.1.1"
  resolved "https://registry.npmmirror.com/@uppy/store-default/-/store-default-2.1.1.tgz#62a656a099bdaa012306e054d093754cb2d36e3e"
  integrity sha512-xnpTxvot2SeAwGwbvmJ899ASk5tYXhmZzD/aCFsXePh/v8rNvR2pKlcQUH7cF/y4baUGq3FHO/daKCok/mpKqQ==

"@uppy/utils@^4.1.2", "@uppy/utils@^4.1.3":
  version "4.1.3"
  resolved "https://registry.npmmirror.com/@uppy/utils/-/utils-4.1.3.tgz#9d0be6ece4df25f228d30ef40be0f14208258ce3"
  integrity sha512-nTuMvwWYobnJcytDO3t+D6IkVq/Qs4Xv3vyoEZ+Iaf8gegZP+rEyoaFT2CK5XLRMienPyqRqNbIfRuFaOWSIFw==
  dependencies:
    lodash.throttle "^4.1.1"

"@uppy/xhr-upload@^2.0.3":
  version "2.1.3"
  resolved "https://registry.npmmirror.com/@uppy/xhr-upload/-/xhr-upload-2.1.3.tgz#0d4e355332fe0c6eb372d7731315e04d02aeeb18"
  integrity sha512-YWOQ6myBVPs+mhNjfdWsQyMRWUlrDLMoaG7nvf/G6Y3GKZf8AyjFDjvvJ49XWQ+DaZOftGkHmF1uh/DBeGivJQ==
  dependencies:
    "@uppy/companion-client" "^2.2.2"
    "@uppy/utils" "^4.1.2"
    nanoid "^3.1.25"

"@wangeditor/basic-modules@^1.1.6":
  version "1.1.6"
  resolved "https://registry.npmmirror.com/@wangeditor/basic-modules/-/basic-modules-1.1.6.tgz#b8e4f50036bb10e405e438c879b44407c5ca1c66"
  integrity sha512-wckcFm/kEAHpTn7dTmN0+7POFoygqt9bZdNHJUkdKObXtAerml8RdjrkHRcwJFCkSELbrNK63fvkwS0+FsabfA==
  dependencies:
    is-url "^1.2.4"

"@wangeditor/code-highlight@^1.0.3":
  version "1.0.3"
  resolved "https://registry.npmmirror.com/@wangeditor/code-highlight/-/code-highlight-1.0.3.tgz#90256857714d5c0cf83ac475aea64db7bf29a7cd"
  integrity sha512-iazHwO14XpCuIWJNTQTikqUhGKyqj+dUNWJ9288Oym9M2xMVHvnsOmDU2sgUDWVy+pOLojReMPgXCsvvNlOOhw==
  dependencies:
    prismjs "^1.23.0"

"@wangeditor/core@^1.1.18":
  version "1.1.18"
  resolved "https://registry.npmmirror.com/@wangeditor/core/-/core-1.1.18.tgz#790c6500437128bab9674bbccc5f7f282974f30f"
  integrity sha512-GZsW/8tm2Hc2hZKX8BZP9PO7vTZll9YXsOt+jKck3D2bj9nk4T0FZymuE5fq9ZHdo+MwLiXBHXS/D1SIGlVnGQ==
  dependencies:
    "@types/event-emitter" "^0.3.3"
    event-emitter "^0.3.5"
    html-void-elements "^2.0.0"
    i18next "^20.4.0"
    scroll-into-view-if-needed "^2.2.28"
    slate-history "^0.66.0"

"@wangeditor/editor@^5.1.22":
  version "5.1.22"
  resolved "https://registry.npmmirror.com/@wangeditor/editor/-/editor-5.1.22.tgz#fc3ec2ba31c219bbace0d32eb48966e3bbe1636e"
  integrity sha512-Bg+NakUvg6+UvkRT/xD9a0zMhPy/4kwhiv8Hp93csa4dg2u/dlZORRTjJCWaWmVK82PrtBG3VAcuw3rPdQCfag==
  dependencies:
    "@uppy/core" "^2.1.1"
    "@uppy/xhr-upload" "^2.0.3"
    "@wangeditor/basic-modules" "^1.1.6"
    "@wangeditor/code-highlight" "^1.0.3"
    "@wangeditor/core" "^1.1.18"
    "@wangeditor/list-module" "^1.0.5"
    "@wangeditor/table-module" "^1.1.4"
    "@wangeditor/upload-image-module" "^1.0.2"
    "@wangeditor/video-module" "^1.1.4"
    dom7 "^3.0.0"
    is-hotkey "^0.2.0"
    lodash.camelcase "^4.3.0"
    lodash.clonedeep "^4.5.0"
    lodash.debounce "^4.0.8"
    lodash.foreach "^4.5.0"
    lodash.isequal "^4.5.0"
    lodash.throttle "^4.1.1"
    lodash.toarray "^4.4.0"
    nanoid "^3.2.0"
    slate "^0.72.0"
    snabbdom "^3.1.0"

"@wangeditor/list-module@^1.0.5":
  version "1.0.5"
  resolved "https://registry.npmmirror.com/@wangeditor/list-module/-/list-module-1.0.5.tgz#3fc0b167acddf885536b45fa0c127f9c6adaea33"
  integrity sha512-uDuYTP6DVhcYf7mF1pTlmNn5jOb4QtcVhYwSSAkyg09zqxI1qBqsfUnveeDeDqIuptSJhkh81cyxi+MF8sEPOQ==

"@wangeditor/table-module@^1.1.4":
  version "1.1.4"
  resolved "https://registry.npmmirror.com/@wangeditor/table-module/-/table-module-1.1.4.tgz#757d4a5868b2b658041cd323854a4d707c8347e9"
  integrity sha512-5saanU9xuEocxaemGdNi9t8MCDSucnykEC6jtuiT72kt+/Hhh4nERYx1J20OPsTCCdVr7hIyQenFD1iSRkIQ6w==

"@wangeditor/upload-image-module@^1.0.2":
  version "1.0.2"
  resolved "https://registry.npmmirror.com/@wangeditor/upload-image-module/-/upload-image-module-1.0.2.tgz#89e9b9467e10cbc6b11dc5748e08dd23aaebee30"
  integrity sha512-z81lk/v71OwPDYeQDxj6cVr81aDP90aFuywb8nPD6eQeECtOymrqRODjpO6VGvCVxVck8nUxBHtbxKtjgcwyiA==

"@wangeditor/video-module@^1.1.4":
  version "1.1.4"
  resolved "https://registry.npmmirror.com/@wangeditor/video-module/-/video-module-1.1.4.tgz#b9df1b3ab2cd53f678b19b4d927e200774a6f532"
  integrity sha512-ZdodDPqKQrgx3IwWu4ZiQmXI8EXZ3hm2/fM6E3t5dB8tCaIGWQZhmqd6P5knfkRAd3z2+YRSRbxOGfoRSp/rLg==

compute-scroll-into-view@^1.0.17:
  version "1.0.17"
  resolved "https://registry.npmmirror.com/compute-scroll-into-view/-/compute-scroll-into-view-1.0.17.tgz#6a88f18acd9d42e9cf4baa6bec7e0522607ab7ab"
  integrity sha512-j4dx+Fb0URmzbwwMUrhqWM2BEWHdFGx+qZ9qqASHRPqvTYdqvWnHg0H1hIbcyLnvgnoNAVMlwkepyqM3DaIFUg==

d@1, d@^1.0.1:
  version "1.0.1"
  resolved "https://registry.npmmirror.com/d/-/d-1.0.1.tgz#8698095372d58dbee346ffd0c7093f99f8f9eb5a"
  integrity sha512-m62ShEObQ39CfralilEQRjH6oAMtNCV1xJyEx5LpRYUVN+EviphDgUc/F3hnYbADmkiNs67Y+3ylmlG7Lnu+FA==
  dependencies:
    es5-ext "^0.10.50"
    type "^1.0.1"

dom7@^3.0.0:
  version "3.0.0"
  resolved "https://registry.npmmirror.com/dom7/-/dom7-3.0.0.tgz#b861ce5d67a6becd7aaa3ad02942ff14b1240331"
  integrity sha512-oNlcUdHsC4zb7Msx7JN3K0Nro1dzJ48knvBOnDPKJ2GV9wl1i5vydJZUSyOfrkKFDZEud/jBsTk92S/VGSAe/g==
  dependencies:
    ssr-window "^3.0.0-alpha.1"

es5-ext@^0.10.35, es5-ext@^0.10.50, es5-ext@~0.10.14:
  version "0.10.62"
  resolved "https://registry.npmmirror.com/es5-ext/-/es5-ext-0.10.62.tgz#5e6adc19a6da524bf3d1e02bbc8960e5eb49a9a5"
  integrity sha512-BHLqn0klhEpnOKSrzn/Xsz2UIW8j+cGmo9JLzr8BiUapV8hPL9+FliFqjwr9ngW7jWdnxv6eO+/LqyhJVqgrjA==
  dependencies:
    es6-iterator "^2.0.3"
    es6-symbol "^3.1.3"
    next-tick "^1.1.0"

es6-iterator@^2.0.3:
  version "2.0.3"
  resolved "https://registry.npmmirror.com/es6-iterator/-/es6-iterator-2.0.3.tgz#a7de889141a05a94b0854403b2d0a0fbfa98f3b7"
  integrity sha512-zw4SRzoUkd+cl+ZoE15A9o1oQd920Bb0iOJMQkQhl3jNc03YqVjAhG7scf9C5KWRU/R13Orf588uCC6525o02g==
  dependencies:
    d "1"
    es5-ext "^0.10.35"
    es6-symbol "^3.1.1"

es6-symbol@^3.1.1, es6-symbol@^3.1.3:
  version "3.1.3"
  resolved "https://registry.npmmirror.com/es6-symbol/-/es6-symbol-3.1.3.tgz#bad5d3c1bcdac28269f4cb331e431c78ac705d18"
  integrity sha512-NJ6Yn3FuDinBaBRWl/q5X/s4koRHBrgKAu+yGI6JCBeiu3qrcbJhwT2GeR/EXVfylRk8dpQVJoLEFhK+Mu31NA==
  dependencies:
    d "^1.0.1"
    ext "^1.1.2"

event-emitter@^0.3.5:
  version "0.3.5"
  resolved "https://registry.npmmirror.com/event-emitter/-/event-emitter-0.3.5.tgz#df8c69eef1647923c7157b9ce83840610b02cc39"
  integrity sha512-D9rRn9y7kLPnJ+hMq7S/nhvoKwwvVJahBi2BPmx3bvbsEdK3W9ii8cBSGjP+72/LnM4n6fo3+dkCX5FeTQruXA==
  dependencies:
    d "1"
    es5-ext "~0.10.14"

ext@^1.1.2:
  version "1.7.0"
  resolved "https://registry.npmmirror.com/ext/-/ext-1.7.0.tgz#0ea4383c0103d60e70be99e9a7f11027a33c4f5f"
  integrity sha512-6hxeJYaL110a9b5TEJSj0gojyHQAmA2ch5Os+ySCiA1QGdS697XWY1pzsrSjqA9LDEEgdB/KypIlR59RcLuHYw==
  dependencies:
    type "^2.7.2"

html-void-elements@^2.0.0:
  version "2.0.1"
  resolved "https://registry.npmmirror.com/html-void-elements/-/html-void-elements-2.0.1.tgz#29459b8b05c200b6c5ee98743c41b979d577549f"
  integrity sha512-0quDb7s97CfemeJAnW9wC0hw78MtW7NU3hqtCD75g2vFlDLt36llsYD7uB7SUzojLMP24N5IatXf7ylGXiGG9A==

i18next@^20.4.0:
  version "20.6.1"
  resolved "https://registry.npmmirror.com/i18next/-/i18next-20.6.1.tgz#535e5f6e5baeb685c7d25df70db63bf3cc0aa345"
  integrity sha512-yCMYTMEJ9ihCwEQQ3phLo7I/Pwycf8uAx+sRHwwk5U9Aui/IZYgQRyMqXafQOw5QQ7DM1Z+WyEXWIqSuJHhG2A==
  dependencies:
    "@babel/runtime" "^7.12.0"

immer@^9.0.6:
  version "9.0.16"
  resolved "https://registry.npmmirror.com/immer/-/immer-9.0.16.tgz#8e7caab80118c2b54b37ad43e05758cdefad0198"
  integrity sha512-qenGE7CstVm1NrHQbMh8YaSzTZTFNP3zPqr3YU0S0UY441j4bJTg4A2Hh5KAhwgaiU6ZZ1Ar6y/2f4TblnMReQ==

is-hotkey@^0.2.0:
  version "0.2.0"
  resolved "https://registry.npmmirror.com/is-hotkey/-/is-hotkey-0.2.0.tgz#1835a68171a91e5c9460869d96336947c8340cef"
  integrity sha512-UknnZK4RakDmTgz4PI1wIph5yxSs/mvChWs9ifnlXsKuXgWmOkY/hAE0H/k2MIqH0RlRye0i1oC07MCRSD28Mw==

is-plain-object@^5.0.0:
  version "5.0.0"
  resolved "https://registry.npmmirror.com/is-plain-object/-/is-plain-object-5.0.0.tgz#4427f50ab3429e9025ea7d52e9043a9ef4159344"
  integrity sha512-VRSzKkbMm5jMDoKLbltAkFQ5Qr7VDiTFGXxYFXXowVj387GeGNOCsOH6Msy00SGZ3Fp84b1Naa1psqgcCIEP5Q==

is-url@^1.2.4:
  version "1.2.4"
  resolved "https://registry.npmmirror.com/is-url/-/is-url-1.2.4.tgz#04a4df46d28c4cff3d73d01ff06abeb318a1aa52"
  integrity sha512-ITvGim8FhRiYe4IQ5uHSkj7pVaPDrCTkNd3yq3cV7iZAcJdHTUMPMEHcqSOy9xZ9qFenQCvi+2wjH9a1nXqHww==

lodash.camelcase@^4.3.0:
  version "4.3.0"
  resolved "https://registry.npmmirror.com/lodash.camelcase/-/lodash.camelcase-4.3.0.tgz#b28aa6288a2b9fc651035c7711f65ab6190331a6"
  integrity sha512-TwuEnCnxbc3rAvhf/LbG7tJUDzhqXyFnv3dtzLOPgCG/hODL7WFnsbwktkD7yUV0RrreP/l1PALq/YSg6VvjlA==

lodash.clonedeep@^4.5.0:
  version "4.5.0"
  resolved "https://registry.npmmirror.com/lodash.clonedeep/-/lodash.clonedeep-4.5.0.tgz#e23f3f9c4f8fbdde872529c1071857a086e5ccef"
  integrity sha512-H5ZhCF25riFd9uB5UCkVKo61m3S/xZk1x4wA6yp/L3RFP6Z/eHH1ymQcGLo7J3GMPfm0V/7m1tryHuGVxpqEBQ==

lodash.debounce@^4.0.8:
  version "4.0.8"
  resolved "https://registry.npmmirror.com/lodash.debounce/-/lodash.debounce-4.0.8.tgz#82d79bff30a67c4005ffd5e2515300ad9ca4d7af"
  integrity sha512-FT1yDzDYEoYWhnSGnpE/4Kj1fLZkDFyqRb7fNt6FdYOSxlUWAtp42Eh6Wb0rGIv/m9Bgo7x4GhQbm5Ys4SG5ow==

lodash.foreach@^4.5.0:
  version "4.5.0"
  resolved "https://registry.npmmirror.com/lodash.foreach/-/lodash.foreach-4.5.0.tgz#1a6a35eace401280c7f06dddec35165ab27e3e53"
  integrity sha512-aEXTF4d+m05rVOAUG3z4vZZ4xVexLKZGF0lIxuHZ1Hplpk/3B6Z1+/ICICYRLm7c41Z2xiejbkCkJoTlypoXhQ==

lodash.isequal@^4.5.0:
  version "4.5.0"
  resolved "https://registry.npmmirror.com/lodash.isequal/-/lodash.isequal-4.5.0.tgz#415c4478f2bcc30120c22ce10ed3226f7d3e18e0"
  integrity sha512-pDo3lu8Jhfjqls6GkMgpahsF9kCyayhgykjyLMNFTKWrpVdAQtYyB4muAMWozBB4ig/dtWAmsMxLEI8wuz+DYQ==

lodash.throttle@^4.1.1:
  version "4.1.1"
  resolved "https://registry.npmmirror.com/lodash.throttle/-/lodash.throttle-4.1.1.tgz#c23e91b710242ac70c37f1e1cda9274cc39bf2f4"
  integrity sha512-wIkUCfVKpVsWo3JSZlc+8MB5it+2AN5W8J7YVMST30UrvcQNZ1Okbj+rbVniijTWE6FGYy4XJq/rHkas8qJMLQ==

lodash.toarray@^4.4.0:
  version "4.4.0"
  resolved "https://registry.npmmirror.com/lodash.toarray/-/lodash.toarray-4.4.0.tgz#24c4bfcd6b2fba38bfd0594db1179d8e9b656561"
  integrity sha512-QyffEA3i5dma5q2490+SgCvDN0pXLmRGSyAANuVi0HQ01Pkfr9fuoKQW8wm1wGBnJITs/mS7wQvS6VshUEBFCw==

mime-match@^1.0.2:
  version "1.0.2"
  resolved "https://registry.npmmirror.com/mime-match/-/mime-match-1.0.2.tgz#3f87c31e9af1a5fd485fb9db134428b23bbb7ba8"
  integrity sha512-VXp/ugGDVh3eCLOBCiHZMYWQaTNUHv2IJrut+yXA6+JbLPXHglHwfS/5A5L0ll+jkCY7fIzRJcH6OIunF+c6Cg==
  dependencies:
    wildcard "^1.1.0"

namespace-emitter@^2.0.1:
  version "2.0.1"
  resolved "https://registry.npmmirror.com/namespace-emitter/-/namespace-emitter-2.0.1.tgz#978d51361c61313b4e6b8cf6f3853d08dfa2b17c"
  integrity sha512-N/sMKHniSDJBjfrkbS/tpkPj4RAbvW3mr8UAzvlMHyun93XEm83IAvhWtJVHo+RHn/oO8Job5YN4b+wRjSVp5g==

nanoid@^3.1.25, nanoid@^3.2.0:
  version "3.3.4"
  resolved "https://registry.npmmirror.com/nanoid/-/nanoid-3.3.4.tgz#730b67e3cd09e2deacf03c027c81c9d9dbc5e8ab"
  integrity sha512-MqBkQh/OHTS2egovRtLk45wEyNXwF+cokD+1YPf9u5VfJiRdAiRwB2froX5Co9Rh20xs4siNPm8naNotSD6RBw==

next-tick@^1.1.0:
  version "1.1.0"
  resolved "https://registry.npmmirror.com/next-tick/-/next-tick-1.1.0.tgz#1836ee30ad56d67ef281b22bd199f709449b35eb"
  integrity sha512-CXdUiJembsNjuToQvxayPZF9Vqht7hewsvy2sOWafLvi2awflj9mOC6bHIg50orX8IJvWKY9wYQ/zB2kogPslQ==

preact@^10.5.13:
  version "10.11.2"
  resolved "https://registry.npmmirror.com/preact/-/preact-10.11.2.tgz#e43f2a2f2985dedb426bb4c765b7bb037734f8a8"
  integrity sha512-skAwGDFmgxhq1DCBHke/9e12ewkhc7WYwjuhHB8HHS8zkdtITXLRmUMTeol2ldxvLwYtwbFeifZ9uDDWuyL4Iw==

prismjs@^1.23.0:
  version "1.29.0"
  resolved "https://registry.npmmirror.com/prismjs/-/prismjs-1.29.0.tgz#f113555a8fa9b57c35e637bba27509dcf802dd12"
  integrity sha512-Kx/1w86q/epKcmte75LNrEoT+lX8pBpavuAbvJWRXar7Hz8jrtF+e3vY751p0R8H9HdArwaCTNDDzHg/ScJK1Q==

regenerator-runtime@^0.13.10:
  version "0.13.10"
  resolved "https://registry.npmmirror.com/regenerator-runtime/-/regenerator-runtime-0.13.10.tgz#ed07b19616bcbec5da6274ebc75ae95634bfc2ee"
  integrity sha512-KepLsg4dU12hryUO7bp/axHAKvwGOCV0sGloQtpagJ12ai+ojVDqkeGSiRX1zlq+kjIMZ1t7gpze+26QqtdGqw==

scroll-into-view-if-needed@^2.2.28:
  version "2.2.29"
  resolved "https://registry.npmmirror.com/scroll-into-view-if-needed/-/scroll-into-view-if-needed-2.2.29.tgz#551791a84b7e2287706511f8c68161e4990ab885"
  integrity sha512-hxpAR6AN+Gh53AdAimHM6C8oTN1ppwVZITihix+WqalywBeFcQ6LdQP5ABNl26nX8GTEL7VT+b8lKpdqq65wXg==
  dependencies:
    compute-scroll-into-view "^1.0.17"

slate-history@^0.66.0:
  version "0.66.0"
  resolved "https://registry.npmmirror.com/slate-history/-/slate-history-0.66.0.tgz#ac63fddb903098ceb4c944433e3f75fe63acf940"
  integrity sha512-6MWpxGQZiMvSINlCbMW43E2YBSVMCMCIwQfBzGssjWw4kb0qfvj0pIdblWNRQZD0hR6WHP+dHHgGSeVdMWzfng==
  dependencies:
    is-plain-object "^5.0.0"

slate@^0.72.0:
  version "0.72.8"
  resolved "https://registry.npmmirror.com/slate/-/slate-0.72.8.tgz#5a018edf24e45448655293a68bfbcf563aa5ba81"
  integrity sha512-/nJwTswQgnRurpK+bGJFH1oM7naD5qDmHd89JyiKNT2oOKD8marW0QSBtuFnwEbL5aGCS8AmrhXQgNOsn4osAw==
  dependencies:
    immer "^9.0.6"
    is-plain-object "^5.0.0"
    tiny-warning "^1.0.3"

snabbdom@^3.1.0:
  version "3.5.1"
  resolved "https://registry.npmmirror.com/snabbdom/-/snabbdom-3.5.1.tgz#25f80ef15b194baea703d9d5441892e369de18e1"
  integrity sha512-wHMNIOjkm/YNE5EM3RCbr/+DVgPg6AqQAX1eOxO46zYNvCXjKP5Y865tqQj3EXnaMBjkxmQA5jFuDpDK/dbfiA==

ssr-window@^3.0.0-alpha.1:
  version "3.0.0"
  resolved "https://registry.npmmirror.com/ssr-window/-/ssr-window-3.0.0.tgz#fd5b82801638943e0cc704c4691801435af7ac37"
  integrity sha512-q+8UfWDg9Itrg0yWK7oe5p/XRCJpJF9OBtXfOPgSJl+u3Xd5KI328RUEvUqSMVM9CiQUEf1QdBzJMkYGErj9QA==

tiny-warning@^1.0.3:
  version "1.0.3"
  resolved "https://registry.npmmirror.com/tiny-warning/-/tiny-warning-1.0.3.tgz#94a30db453df4c643d0fd566060d60a875d84754"
  integrity sha512-lBN9zLN/oAf68o3zNXYrdCt1kP8WsiGW8Oo2ka41b2IM5JL/S1CTyX1rW0mb/zSuJun0ZUrDxx4sqvYS2FWzPA==

type@^1.0.1:
  version "1.2.0"
  resolved "https://registry.npmmirror.com/type/-/type-1.2.0.tgz#848dd7698dafa3e54a6c479e759c4bc3f18847a0"
  integrity sha512-+5nt5AAniqsCnu2cEQQdpzCAh33kVx8n0VoFidKpB1dVVLAN/F+bgVOqOJqOnEnrhp222clB5p3vUlD+1QAnfg==

type@^2.7.2:
  version "2.7.2"
  resolved "https://registry.npmmirror.com/type/-/type-2.7.2.tgz#2376a15a3a28b1efa0f5350dcf72d24df6ef98d0"
  integrity sha512-dzlvlNlt6AXU7EBSfpAscydQ7gXB+pPGsPnfJnZpiNJBDj7IaJzQlBZYGdEi4R9HmPdBv2XmWJ6YUtoTa7lmCw==

wildcard@^1.1.0:
  version "1.1.2"
  resolved "https://registry.npmmirror.com/wildcard/-/wildcard-1.1.2.tgz#a7020453084d8cd2efe70ba9d3696263de1710a5"
  integrity sha512-DXukZJxpHA8LuotRwL0pP1+rS6CS7FF2qStDDE1C7DDg2rLud2PXRMuEDYIPhgEezwnlHNL4c+N6MfMTjCGTng==
